
Microsoft Visual Studio Solution File, Format Version 12.00
# Visual Studio 15
VisualStudioVersion = 15.0.28010.2041
MinimumVisualStudioVersion = 10.0.40219.1
Project("{FAE04EC0-301F-11D3-BF4B-00C04F79EFBC}") = "CMArchivoSharePoint", "CMArchivoSharePoint\CMArchivoSharePoint.csproj", "{F6863371-582A-4A1D-B52B-D0F9824EFCBD}"
EndProject
Global
	GlobalSection(SolutionConfigurationPlatforms) = preSolution
		Debug|Any CPU = Debug|Any CPU
		Release|Any CPU = Release|Any CPU
	EndGlobalSection
	GlobalSection(ProjectConfigurationPlatforms) = postSolution
		{F6863371-582A-4A1D-B52B-D0F9824EFCBD}.Debug|Any CPU.ActiveCfg = Debug|Any CPU
		{F6863371-582A-4A1D-B52B-D0F9824EFCBD}.Debug|Any CPU.Build.0 = Debug|Any CPU
		{F6863371-582A-4A1D-B52B-D0F9824EFCBD}.Release|Any CPU.ActiveCfg = Release|Any CPU
		{F6863371-582A-4A1D-B52B-D0F9824EFCBD}.Release|Any CPU.Build.0 = Release|Any CPU
	EndGlobalSection
	GlobalSection(SolutionProperties) = preSolution
		HideSolutionNode = FALSE
	EndGlobalSection
	GlobalSection(ExtensibilityGlobals) = postSolution
		SolutionGuid = {B425F03A-C5D8-4E1B-AA0A-85785206DCFF}
	EndGlobalSection
EndGlobal
